
Microsoft Visual Studio Solution File, Format Version 12.00
# Visual Studio Version 17
VisualStudioVersion = 17.4.33213.308
MinimumVisualStudioVersion = 10.0.40219.1
Project("{FAE04EC0-301F-11D3-BF4B-00C04F79EFBC}") = "find the index of the first occurrence in string", "find the index of the first occurrence in string\find the index of the first occurrence in string.csproj", "{2E3EF99C-985C-4BE1-96C4-2FF4BE9352F3}"
EndProject
Global
	GlobalSection(SolutionConfigurationPlatforms) = preSolution
		Debug|Any CPU = Debug|Any CPU
		Release|Any CPU = Release|Any CPU
	EndGlobalSection
	GlobalSection(ProjectConfigurationPlatforms) = postSolution
		{2E3EF99C-985C-4BE1-96C4-2FF4BE9352F3}.Debug|Any CPU.ActiveCfg = Debug|Any CPU
		{2E3EF99C-985C-4BE1-96C4-2FF4BE9352F3}.Debug|Any CPU.Build.0 = Debug|Any CPU
		{2E3EF99C-985C-4BE1-96C4-2FF4BE9352F3}.Release|Any CPU.ActiveCfg = Release|Any CPU
		{2E3EF99C-985C-4BE1-96C4-2FF4BE9352F3}.Release|Any CPU.Build.0 = Release|Any CPU
	EndGlobalSection
	GlobalSection(SolutionProperties) = preSolution
		HideSolutionNode = FALSE
	EndGlobalSection
	GlobalSection(ExtensibilityGlobals) = postSolution
		SolutionGuid = {4438B111-FA4F-4B7D-9301-A01C588520C1}
	EndGlobalSection
EndGlobal
